
Microsoft Visual Studio Solution File, Format Version 12.00
# Visual Studio Version 17
VisualStudioVersion = 17.4.33205.214
MinimumVisualStudioVersion = 10.0.40219.1
Project("{FAE04EC0-301F-11D3-BF4B-00C04F79EFBC}") = "StartC_OOP_2", "StartC_OOP_2\StartC_OOP_2.csproj", "{AE23A1A0-2D59-475D-8035-9921A3276075}"
EndProject
Global
	GlobalSection(SolutionConfigurationPlatforms) = preSolution
		Debug|Any CPU = Debug|Any CPU
		Release|Any CPU = Release|Any CPU
	EndGlobalSection
	GlobalSection(ProjectConfigurationPlatforms) = postSolution
		{AE23A1A0-2D59-475D-8035-9921A3276075}.Debug|Any CPU.ActiveCfg = Debug|Any CPU
		{AE23A1A0-2D59-475D-8035-9921A3276075}.Debug|Any CPU.Build.0 = Debug|Any CPU
		{AE23A1A0-2D59-475D-8035-9921A3276075}.Release|Any CPU.ActiveCfg = Release|Any CPU
		{AE23A1A0-2D59-475D-8035-9921A3276075}.Release|Any CPU.Build.0 = Release|Any CPU
	EndGlobalSection
	GlobalSection(SolutionProperties) = preSolution
		HideSolutionNode = FALSE
	EndGlobalSection
	GlobalSection(ExtensibilityGlobals) = postSolution
		SolutionGuid = {97B6D8DF-4671-4F03-BFF4-0BAE30FA94B5}
	EndGlobalSection
EndGlobal
